
Microsoft Visual Studio Solution File, Format Version 12.00
# Visual Studio Version 17
VisualStudioVersion = 17.8.34525.116
MinimumVisualStudioVersion = 10.0.40219.1
Project("{9A19103F-16F7-4668-BE54-9A1E7A4F7556}") = "SOD.View", "SOD\SOD.View.csproj", "{FA38E62D-C8EC-469F-B7CF-00F4D9739F52}"
	ProjectSection(ProjectDependencies) = postProject
		{1C92DBC2-320A-495A-BB9A-C260D30F76D2} = {1C92DBC2-320A-495A-BB9A-C260D30F76D2}
		{76A1B754-0BC8-4CAC-8ADD-26AEAEEF6815} = {76A1B754-0BC8-4CAC-8ADD-26AEAEEF6815}
		{955A843F-8DF2-4D66-9C72-4065FF1A8703} = {955A843F-8DF2-4D66-9C72-4065FF1A8703}
		{C6CBC8D7-7BA9-4B98-8E4E-AE97182DFC65} = {C6CBC8D7-7BA9-4B98-8E4E-AE97182DFC65}
	EndProjectSection
EndProject
Project("{2150E333-8FDC-42A3-9474-1A3956D46DE8}") = "Core", "Core", "{131ED7EF-49BC-4E22-ACDF-E00318670F4B}"
EndProject
Project("{FAE04EC0-301F-11D3-BF4B-00C04F79EFBC}") = "SOD.Dialogs", "SOD.Dialogs\SOD.Dialogs.csproj", "{1C92DBC2-320A-495A-BB9A-C260D30F76D2}"
EndProject
Project("{FAE04EC0-301F-11D3-BF4B-00C04F79EFBC}") = "SOD.Navigation", "SOD.Navigation\SOD.Navigation.csproj", "{C6CBC8D7-7BA9-4B98-8E4E-AE97182DFC65}"
EndProject
Project("{FAE04EC0-301F-11D3-BF4B-00C04F79EFBC}") = "SOD.Keyboard", "SOD.Keyboard\SOD.Keyboard.csproj", "{76A1B754-0BC8-4CAC-8ADD-26AEAEEF6815}"
EndProject
Project("{FAE04EC0-301F-11D3-BF4B-00C04F79EFBC}") = "SOD.Core", "SOD.Core\SOD.Core.csproj", "{A101217E-43F2-4DBC-98ED-F7E697276BB9}"
EndProject
Project("{FAE04EC0-301F-11D3-BF4B-00C04F79EFBC}") = "SOD.Localization", "SOD.Localization\SOD.Localization.csproj", "{955A843F-8DF2-4D66-9C72-4065FF1A8703}"
EndProject
Global
	GlobalSection(SolutionConfigurationPlatforms) = preSolution
		Debug|Any CPU = Debug|Any CPU
		Release|Any CPU = Release|Any CPU
	EndGlobalSection
	GlobalSection(ProjectConfigurationPlatforms) = postSolution
		{FA38E62D-C8EC-469F-B7CF-00F4D9739F52}.Debug|Any CPU.ActiveCfg = Debug|Any CPU
		{FA38E62D-C8EC-469F-B7CF-00F4D9739F52}.Debug|Any CPU.Build.0 = Debug|Any CPU
		{FA38E62D-C8EC-469F-B7CF-00F4D9739F52}.Release|Any CPU.ActiveCfg = Release|Any CPU
		{FA38E62D-C8EC-469F-B7CF-00F4D9739F52}.Release|Any CPU.Build.0 = Release|Any CPU
		{1C92DBC2-320A-495A-BB9A-C260D30F76D2}.Debug|Any CPU.ActiveCfg = Debug|Any CPU
		{1C92DBC2-320A-495A-BB9A-C260D30F76D2}.Debug|Any CPU.Build.0 = Debug|Any CPU
		{1C92DBC2-320A-495A-BB9A-C260D30F76D2}.Release|Any CPU.ActiveCfg = Release|Any CPU
		{1C92DBC2-320A-495A-BB9A-C260D30F76D2}.Release|Any CPU.Build.0 = Release|Any CPU
		{C6CBC8D7-7BA9-4B98-8E4E-AE97182DFC65}.Debug|Any CPU.ActiveCfg = Debug|Any CPU
		{C6CBC8D7-7BA9-4B98-8E4E-AE97182DFC65}.Debug|Any CPU.Build.0 = Debug|Any CPU
		{C6CBC8D7-7BA9-4B98-8E4E-AE97182DFC65}.Release|Any CPU.ActiveCfg = Release|Any CPU
		{C6CBC8D7-7BA9-4B98-8E4E-AE97182DFC65}.Release|Any CPU.Build.0 = Release|Any CPU
		{76A1B754-0BC8-4CAC-8ADD-26AEAEEF6815}.Debug|Any CPU.ActiveCfg = Debug|Any CPU
		{76A1B754-0BC8-4CAC-8ADD-26AEAEEF6815}.Debug|Any CPU.Build.0 = Debug|Any CPU
		{76A1B754-0BC8-4CAC-8ADD-26AEAEEF6815}.Release|Any CPU.ActiveCfg = Release|Any CPU
		{76A1B754-0BC8-4CAC-8ADD-26AEAEEF6815}.Release|Any CPU.Build.0 = Release|Any CPU
		{A101217E-43F2-4DBC-98ED-F7E697276BB9}.Debug|Any CPU.ActiveCfg = Debug|Any CPU
		{A101217E-43F2-4DBC-98ED-F7E697276BB9}.Debug|Any CPU.Build.0 = Debug|Any CPU
		{A101217E-43F2-4DBC-98ED-F7E697276BB9}.Release|Any CPU.ActiveCfg = Release|Any CPU
		{A101217E-43F2-4DBC-98ED-F7E697276BB9}.Release|Any CPU.Build.0 = Release|Any CPU
		{955A843F-8DF2-4D66-9C72-4065FF1A8703}.Debug|Any CPU.ActiveCfg = Debug|Any CPU
		{955A843F-8DF2-4D66-9C72-4065FF1A8703}.Debug|Any CPU.Build.0 = Debug|Any CPU
		{955A843F-8DF2-4D66-9C72-4065FF1A8703}.Release|Any CPU.ActiveCfg = Release|Any CPU
		{955A843F-8DF2-4D66-9C72-4065FF1A8703}.Release|Any CPU.Build.0 = Release|Any CPU
	EndGlobalSection
	GlobalSection(SolutionProperties) = preSolution
		HideSolutionNode = FALSE
	EndGlobalSection
	GlobalSection(NestedProjects) = preSolution
		{1C92DBC2-320A-495A-BB9A-C260D30F76D2} = {131ED7EF-49BC-4E22-ACDF-E00318670F4B}
		{C6CBC8D7-7BA9-4B98-8E4E-AE97182DFC65} = {131ED7EF-49BC-4E22-ACDF-E00318670F4B}
		{76A1B754-0BC8-4CAC-8ADD-26AEAEEF6815} = {131ED7EF-49BC-4E22-ACDF-E00318670F4B}
		{A101217E-43F2-4DBC-98ED-F7E697276BB9} = {131ED7EF-49BC-4E22-ACDF-E00318670F4B}
		{955A843F-8DF2-4D66-9C72-4065FF1A8703} = {131ED7EF-49BC-4E22-ACDF-E00318670F4B}
	EndGlobalSection
	GlobalSection(ExtensibilityGlobals) = postSolution
		SolutionGuid = {6AC3B0DC-5034-4A5F-A7D2-AABD40E7AC53}
	EndGlobalSection
EndGlobal
